
Microsoft Visual Studio Solution File, Format Version 12.00
# Visual Studio Version 16
VisualStudioVersion = 16.0.34601.136
MinimumVisualStudioVersion = 10.0.40219.1
Project("{FAE04EC0-301F-11D3-BF4B-00C04F79EFBC}") = "TA2", "TA2\TA2.csproj", "{8CEE9FAB-F5B9-4551-8232-FA3AFB488AA3}"
EndProject
Global
	GlobalSection(SolutionConfigurationPlatforms) = preSolution
		Debug|Any CPU = Debug|Any CPU
		Release|Any CPU = Release|Any CPU
	EndGlobalSection
	GlobalSection(ProjectConfigurationPlatforms) = postSolution
		{8CEE9FAB-F5B9-4551-8232-FA3AFB488AA3}.Debug|Any CPU.ActiveCfg = Debug|Any CPU
		{8CEE9FAB-F5B9-4551-8232-FA3AFB488AA3}.Debug|Any CPU.Build.0 = Debug|Any CPU
		{8CEE9FAB-F5B9-4551-8232-FA3AFB488AA3}.Release|Any CPU.ActiveCfg = Release|Any CPU
		{8CEE9FAB-F5B9-4551-8232-FA3AFB488AA3}.Release|Any CPU.Build.0 = Release|Any CPU
	EndGlobalSection
	GlobalSection(SolutionProperties) = preSolution
		HideSolutionNode = FALSE
	EndGlobalSection
	GlobalSection(ExtensibilityGlobals) = postSolution
		SolutionGuid = {FCC4CE42-D75B-414D-B7FF-0D8A3F9A591B}
	EndGlobalSection
EndGlobal
